
Microsoft Visual Studio Solution File, Format Version 12.00
# Visual Studio Version 16
VisualStudioVersion = 16.0.31624.102
MinimumVisualStudioVersion = 10.0.40219.1
Project("{FAE04EC0-301F-11D3-BF4B-00C04F79EFBC}") = "classwork", "Lesson09.10.21\classwork.csproj", "{DFACCE5C-C012-4B9D-912F-9E8DCD018B20}"
EndProject
Project("{FAE04EC0-301F-11D3-BF4B-00C04F79EFBC}") = "homework", "homework\homework.csproj", "{31E14AD3-AEEC-480C-8DBE-B0F12544E944}"
EndProject
Project("{FAE04EC0-301F-11D3-BF4B-00C04F79EFBC}") = "labs6", "labs6\labs6.csproj", "{03FAD3F6-0373-4CCE-A896-1018D059A040}"
EndProject
Global
	GlobalSection(SolutionConfigurationPlatforms) = preSolution
		Debug|Any CPU = Debug|Any CPU
		Release|Any CPU = Release|Any CPU
	EndGlobalSection
	GlobalSection(ProjectConfigurationPlatforms) = postSolution
		{DFACCE5C-C012-4B9D-912F-9E8DCD018B20}.Debug|Any CPU.ActiveCfg = Debug|Any CPU
		{DFACCE5C-C012-4B9D-912F-9E8DCD018B20}.Debug|Any CPU.Build.0 = Debug|Any CPU
		{DFACCE5C-C012-4B9D-912F-9E8DCD018B20}.Release|Any CPU.ActiveCfg = Release|Any CPU
		{DFACCE5C-C012-4B9D-912F-9E8DCD018B20}.Release|Any CPU.Build.0 = Release|Any CPU
		{31E14AD3-AEEC-480C-8DBE-B0F12544E944}.Debug|Any CPU.ActiveCfg = Debug|Any CPU
		{31E14AD3-AEEC-480C-8DBE-B0F12544E944}.Debug|Any CPU.Build.0 = Debug|Any CPU
		{31E14AD3-AEEC-480C-8DBE-B0F12544E944}.Release|Any CPU.ActiveCfg = Release|Any CPU
		{31E14AD3-AEEC-480C-8DBE-B0F12544E944}.Release|Any CPU.Build.0 = Release|Any CPU
		{03FAD3F6-0373-4CCE-A896-1018D059A040}.Debug|Any CPU.ActiveCfg = Debug|Any CPU
		{03FAD3F6-0373-4CCE-A896-1018D059A040}.Debug|Any CPU.Build.0 = Debug|Any CPU
		{03FAD3F6-0373-4CCE-A896-1018D059A040}.Release|Any CPU.ActiveCfg = Release|Any CPU
		{03FAD3F6-0373-4CCE-A896-1018D059A040}.Release|Any CPU.Build.0 = Release|Any CPU
	EndGlobalSection
	GlobalSection(SolutionProperties) = preSolution
		HideSolutionNode = FALSE
	EndGlobalSection
	GlobalSection(ExtensibilityGlobals) = postSolution
		SolutionGuid = {667D2ECB-1E53-476A-BF43-7C196101E8D4}
	EndGlobalSection
EndGlobal
